
Microsoft Visual Studio Solution File, Format Version 12.00
# Visual Studio Version 16
VisualStudioVersion = 16.0.28803.156
MinimumVisualStudioVersion = 10.0.40219.1
Project("{FAE04EC0-301F-11D3-BF4B-00C04F79EFBC}") = "App1.UWP", "App1\App1.UWP\App1.UWP.csproj", "{F2A8843B-595F-44D0-A2E3-4E555034A5F5}"
EndProject
Project("{FAE04EC0-301F-11D3-BF4B-00C04F79EFBC}") = "App1.Android", "App1\App1.Android\App1.Android.csproj", "{27260651-9BEF-4FC3-8023-96382A80F032}"
EndProject
Project("{FAE04EC0-301F-11D3-BF4B-00C04F79EFBC}") = "App1.iOS", "App1\App1.iOS\App1.iOS.csproj", "{92341908-DF58-4AA7-B1C3-DA7B921D56B9}"
EndProject
Project("{FAE04EC0-301F-11D3-BF4B-00C04F79EFBC}") = "App1", "App1\App1\App1.csproj", "{C756B34C-C578-4421-82A1-2D7EE2F50B87}"
EndProject
Global
	GlobalSection(SolutionConfigurationPlatforms) = preSolution
		Debug|Any CPU = Debug|Any CPU
		Debug|ARM = Debug|ARM
		Debug|iPhone = Debug|iPhone
		Debug|iPhoneSimulator = Debug|iPhoneSimulator
		Debug|x64 = Debug|x64
		Debug|x86 = Debug|x86
		Release|Any CPU = Release|Any CPU
		Release|ARM = Release|ARM
		Release|iPhone = Release|iPhone
		Release|iPhoneSimulator = Release|iPhoneSimulator
		Release|x64 = Release|x64
		Release|x86 = Release|x86
	EndGlobalSection
	GlobalSection(ProjectConfigurationPlatforms) = postSolution
		{F2A8843B-595F-44D0-A2E3-4E555034A5F5}.Debug|Any CPU.ActiveCfg = Debug|x86
		{F2A8843B-595F-44D0-A2E3-4E555034A5F5}.Debug|Any CPU.Build.0 = Debug|x86
		{F2A8843B-595F-44D0-A2E3-4E555034A5F5}.Debug|Any CPU.Deploy.0 = Debug|x86
		{F2A8843B-595F-44D0-A2E3-4E555034A5F5}.Debug|ARM.ActiveCfg = Debug|ARM
		{F2A8843B-595F-44D0-A2E3-4E555034A5F5}.Debug|ARM.Build.0 = Debug|ARM
		{F2A8843B-595F-44D0-A2E3-4E555034A5F5}.Debug|ARM.Deploy.0 = Debug|ARM
		{F2A8843B-595F-44D0-A2E3-4E555034A5F5}.Debug|iPhone.ActiveCfg = Debug|x86
		{F2A8843B-595F-44D0-A2E3-4E555034A5F5}.Debug|iPhone.Build.0 = Debug|x86
		{F2A8843B-595F-44D0-A2E3-4E555034A5F5}.Debug|iPhone.Deploy.0 = Debug|x86
		{F2A8843B-595F-44D0-A2E3-4E555034A5F5}.Debug|iPhoneSimulator.ActiveCfg = Debug|x86
		{F2A8843B-595F-44D0-A2E3-4E555034A5F5}.Debug|iPhoneSimulator.Build.0 = Debug|x86
		{F2A8843B-595F-44D0-A2E3-4E555034A5F5}.Debug|iPhoneSimulator.Deploy.0 = Debug|x86
		{F2A8843B-595F-44D0-A2E3-4E555034A5F5}.Debug|x64.ActiveCfg = Debug|x64
		{F2A8843B-595F-44D0-A2E3-4E555034A5F5}.Debug|x64.Build.0 = Debug|x64
		{F2A8843B-595F-44D0-A2E3-4E555034A5F5}.Debug|x64.Deploy.0 = Debug|x64
		{F2A8843B-595F-44D0-A2E3-4E555034A5F5}.Debug|x86.ActiveCfg = Debug|x86
		{F2A8843B-595F-44D0-A2E3-4E555034A5F5}.Debug|x86.Build.0 = Debug|x86
		{F2A8843B-595F-44D0-A2E3-4E555034A5F5}.Debug|x86.Deploy.0 = Debug|x86
		{F2A8843B-595F-44D0-A2E3-4E555034A5F5}.Release|Any CPU.ActiveCfg = Release|x86
		{F2A8843B-595F-44D0-A2E3-4E555034A5F5}.Release|Any CPU.Build.0 = Release|x86
		{F2A8843B-595F-44D0-A2E3-4E555034A5F5}.Release|Any CPU.Deploy.0 = Release|x86
		{F2A8843B-595F-44D0-A2E3-4E555034A5F5}.Release|ARM.ActiveCfg = Release|ARM
		{F2A8843B-595F-44D0-A2E3-4E555034A5F5}.Release|ARM.Build.0 = Release|ARM
		{F2A8843B-595F-44D0-A2E3-4E555034A5F5}.Release|ARM.Deploy.0 = Release|ARM
		{F2A8843B-595F-44D0-A2E3-4E555034A5F5}.Release|iPhone.ActiveCfg = Release|x86
		{F2A8843B-595F-44D0-A2E3-4E555034A5F5}.Release|iPhone.Build.0 = Release|x86
		{F2A8843B-595F-44D0-A2E3-4E555034A5F5}.Release|iPhone.Deploy.0 = Release|x86
		{F2A8843B-595F-44D0-A2E3-4E555034A5F5}.Release|iPhoneSimulator.ActiveCfg = Release|x86
		{F2A8843B-595F-44D0-A2E3-4E555034A5F5}.Release|iPhoneSimulator.Build.0 = Release|x86
		{F2A8843B-595F-44D0-A2E3-4E555034A5F5}.Release|iPhoneSimulator.Deploy.0 = Release|x86
		{F2A8843B-595F-44D0-A2E3-4E555034A5F5}.Release|x64.ActiveCfg = Release|x64
		{F2A8843B-595F-44D0-A2E3-4E555034A5F5}.Release|x64.Build.0 = Release|x64
		{F2A8843B-595F-44D0-A2E3-4E555034A5F5}.Release|x64.Deploy.0 = Release|x64
		{F2A8843B-595F-44D0-A2E3-4E555034A5F5}.Release|x86.ActiveCfg = Release|x86
		{F2A8843B-595F-44D0-A2E3-4E555034A5F5}.Release|x86.Build.0 = Release|x86
		{F2A8843B-595F-44D0-A2E3-4E555034A5F5}.Release|x86.Deploy.0 = Release|x86
		{27260651-9BEF-4FC3-8023-96382A80F032}.Debug|Any CPU.ActiveCfg = Debug|Any CPU
		{27260651-9BEF-4FC3-8023-96382A80F032}.Debug|Any CPU.Build.0 = Debug|Any CPU
		{27260651-9BEF-4FC3-8023-96382A80F032}.Debug|Any CPU.Deploy.0 = Debug|Any CPU
		{27260651-9BEF-4FC3-8023-96382A80F032}.Debug|ARM.ActiveCfg = Debug|Any CPU
		{27260651-9BEF-4FC3-8023-96382A80F032}.Debug|ARM.Build.0 = Debug|Any CPU
		{27260651-9BEF-4FC3-8023-96382A80F032}.Debug|ARM.Deploy.0 = Debug|Any CPU
		{27260651-9BEF-4FC3-8023-96382A80F032}.Debug|iPhone.ActiveCfg = Debug|Any CPU
		{27260651-9BEF-4FC3-8023-96382A80F032}.Debug|iPhone.Build.0 = Debug|Any CPU
		{27260651-9BEF-4FC3-8023-96382A80F032}.Debug|iPhone.Deploy.0 = Debug|Any CPU
		{27260651-9BEF-4FC3-8023-96382A80F032}.Debug|iPhoneSimulator.ActiveCfg = Debug|Any CPU
		{27260651-9BEF-4FC3-8023-96382A80F032}.Debug|iPhoneSimulator.Build.0 = Debug|Any CPU
		{27260651-9BEF-4FC3-8023-96382A80F032}.Debug|iPhoneSimulator.Deploy.0 = Debug|Any CPU
		{27260651-9BEF-4FC3-8023-96382A80F032}.Debug|x64.ActiveCfg = Debug|Any CPU
		{27260651-9BEF-4FC3-8023-96382A80F032}.Debug|x64.Build.0 = Debug|Any CPU
		{27260651-9BEF-4FC3-8023-96382A80F032}.Debug|x64.Deploy.0 = Debug|Any CPU
		{27260651-9BEF-4FC3-8023-96382A80F032}.Debug|x86.ActiveCfg = Debug|Any CPU
		{27260651-9BEF-4FC3-8023-96382A80F032}.Debug|x86.Build.0 = Debug|Any CPU
		{27260651-9BEF-4FC3-8023-96382A80F032}.Debug|x86.Deploy.0 = Debug|Any CPU
		{27260651-9BEF-4FC3-8023-96382A80F032}.Release|Any CPU.ActiveCfg = Release|Any CPU
		{27260651-9BEF-4FC3-8023-96382A80F032}.Release|Any CPU.Build.0 = Release|Any CPU
		{27260651-9BEF-4FC3-8023-96382A80F032}.Release|Any CPU.Deploy.0 = Release|Any CPU
		{27260651-9BEF-4FC3-8023-96382A80F032}.Release|ARM.ActiveCfg = Release|Any CPU
		{27260651-9BEF-4FC3-8023-96382A80F032}.Release|ARM.Build.0 = Release|Any CPU
		{27260651-9BEF-4FC3-8023-96382A80F032}.Release|ARM.Deploy.0 = Release|Any CPU
		{27260651-9BEF-4FC3-8023-96382A80F032}.Release|iPhone.ActiveCfg = Release|Any CPU
		{27260651-9BEF-4FC3-8023-96382A80F032}.Release|iPhone.Build.0 = Release|Any CPU
		{27260651-9BEF-4FC3-8023-96382A80F032}.Release|iPhone.Deploy.0 = Release|Any CPU
		{27260651-9BEF-4FC3-8023-96382A80F032}.Release|iPhoneSimulator.ActiveCfg = Release|Any CPU
		{27260651-9BEF-4FC3-8023-96382A80F032}.Release|iPhoneSimulator.Build.0 = Release|Any CPU
		{27260651-9BEF-4FC3-8023-96382A80F032}.Release|iPhoneSimulator.Deploy.0 = Release|Any CPU
		{27260651-9BEF-4FC3-8023-96382A80F032}.Release|x64.ActiveCfg = Release|Any CPU
		{27260651-9BEF-4FC3-8023-96382A80F032}.Release|x64.Build.0 = Release|Any CPU
		{27260651-9BEF-4FC3-8023-96382A80F032}.Release|x64.Deploy.0 = Release|Any CPU
		{27260651-9BEF-4FC3-8023-96382A80F032}.Release|x86.ActiveCfg = Release|Any CPU
		{27260651-9BEF-4FC3-8023-96382A80F032}.Release|x86.Build.0 = Release|Any CPU
		{27260651-9BEF-4FC3-8023-96382A80F032}.Release|x86.Deploy.0 = Release|Any CPU
		{92341908-DF58-4AA7-B1C3-DA7B921D56B9}.Debug|Any CPU.ActiveCfg = Debug|iPhone
		{92341908-DF58-4AA7-B1C3-DA7B921D56B9}.Debug|Any CPU.Build.0 = Debug|iPhone
		{92341908-DF58-4AA7-B1C3-DA7B921D56B9}.Debug|Any CPU.Deploy.0 = Debug|iPhone
		{92341908-DF58-4AA7-B1C3-DA7B921D56B9}.Debug|ARM.ActiveCfg = Debug|iPhoneSimulator
		{92341908-DF58-4AA7-B1C3-DA7B921D56B9}.Debug|ARM.Build.0 = Debug|iPhoneSimulator
		{92341908-DF58-4AA7-B1C3-DA7B921D56B9}.Debug|ARM.Deploy.0 = Debug|iPhoneSimulator
		{92341908-DF58-4AA7-B1C3-DA7B921D56B9}.Debug|iPhone.ActiveCfg = Debug|iPhone
		{92341908-DF58-4AA7-B1C3-DA7B921D56B9}.Debug|iPhone.Build.0 = Debug|iPhone
		{92341908-DF58-4AA7-B1C3-DA7B921D56B9}.Debug|iPhone.Deploy.0 = Debug|iPhone
		{92341908-DF58-4AA7-B1C3-DA7B921D56B9}.Debug|iPhoneSimulator.ActiveCfg = Debug|iPhoneSimulator
		{92341908-DF58-4AA7-B1C3-DA7B921D56B9}.Debug|iPhoneSimulator.Build.0 = Debug|iPhoneSimulator
		{92341908-DF58-4AA7-B1C3-DA7B921D56B9}.Debug|iPhoneSimulator.Deploy.0 = Debug|iPhoneSimulator
		{92341908-DF58-4AA7-B1C3-DA7B921D56B9}.Debug|x64.ActiveCfg = Debug|iPhone
		{92341908-DF58-4AA7-B1C3-DA7B921D56B9}.Debug|x64.Build.0 = Debug|iPhone
		{92341908-DF58-4AA7-B1C3-DA7B921D56B9}.Debug|x64.Deploy.0 = Debug|iPhone
		{92341908-DF58-4AA7-B1C3-DA7B921D56B9}.Debug|x86.ActiveCfg = Debug|iPhone
		{92341908-DF58-4AA7-B1C3-DA7B921D56B9}.Debug|x86.Build.0 = Debug|iPhone
		{92341908-DF58-4AA7-B1C3-DA7B921D56B9}.Debug|x86.Deploy.0 = Debug|iPhone
		{92341908-DF58-4AA7-B1C3-DA7B921D56B9}.Release|Any CPU.ActiveCfg = Release|iPhone
		{92341908-DF58-4AA7-B1C3-DA7B921D56B9}.Release|Any CPU.Build.0 = Release|iPhone
		{92341908-DF58-4AA7-B1C3-DA7B921D56B9}.Release|Any CPU.Deploy.0 = Release|iPhone
		{92341908-DF58-4AA7-B1C3-DA7B921D56B9}.Release|ARM.ActiveCfg = Release|iPhone
		{92341908-DF58-4AA7-B1C3-DA7B921D56B9}.Release|ARM.Build.0 = Release|iPhone
		{92341908-DF58-4AA7-B1C3-DA7B921D56B9}.Release|ARM.Deploy.0 = Release|iPhone
		{92341908-DF58-4AA7-B1C3-DA7B921D56B9}.Release|iPhone.ActiveCfg = Release|iPhone
		{92341908-DF58-4AA7-B1C3-DA7B921D56B9}.Release|iPhone.Build.0 = Release|iPhone
		{92341908-DF58-4AA7-B1C3-DA7B921D56B9}.Release|iPhone.Deploy.0 = Release|iPhone
		{92341908-DF58-4AA7-B1C3-DA7B921D56B9}.Release|iPhoneSimulator.ActiveCfg = Release|iPhoneSimulator
		{92341908-DF58-4AA7-B1C3-DA7B921D56B9}.Release|iPhoneSimulator.Build.0 = Release|iPhoneSimulator
		{92341908-DF58-4AA7-B1C3-DA7B921D56B9}.Release|iPhoneSimulator.Deploy.0 = Release|iPhoneSimulator
		{92341908-DF58-4AA7-B1C3-DA7B921D56B9}.Release|x64.ActiveCfg = Release|iPhone
		{92341908-DF58-4AA7-B1C3-DA7B921D56B9}.Release|x64.Build.0 = Release|iPhone
		{92341908-DF58-4AA7-B1C3-DA7B921D56B9}.Release|x64.Deploy.0 = Release|iPhone
		{92341908-DF58-4AA7-B1C3-DA7B921D56B9}.Release|x86.ActiveCfg = Release|iPhone
		{92341908-DF58-4AA7-B1C3-DA7B921D56B9}.Release|x86.Build.0 = Release|iPhone
		{92341908-DF58-4AA7-B1C3-DA7B921D56B9}.Release|x86.Deploy.0 = Release|iPhone
		{C756B34C-C578-4421-82A1-2D7EE2F50B87}.Debug|Any CPU.ActiveCfg = Debug|Any CPU
		{C756B34C-C578-4421-82A1-2D7EE2F50B87}.Debug|Any CPU.Build.0 = Debug|Any CPU
		{C756B34C-C578-4421-82A1-2D7EE2F50B87}.Debug|Any CPU.Deploy.0 = Debug|Any CPU
		{C756B34C-C578-4421-82A1-2D7EE2F50B87}.Debug|ARM.ActiveCfg = Debug|Any CPU
		{C756B34C-C578-4421-82A1-2D7EE2F50B87}.Debug|ARM.Build.0 = Debug|Any CPU
		{C756B34C-C578-4421-82A1-2D7EE2F50B87}.Debug|ARM.Deploy.0 = Debug|Any CPU
		{C756B34C-C578-4421-82A1-2D7EE2F50B87}.Debug|iPhone.ActiveCfg = Debug|Any CPU
		{C756B34C-C578-4421-82A1-2D7EE2F50B87}.Debug|iPhone.Build.0 = Debug|Any CPU
		{C756B34C-C578-4421-82A1-2D7EE2F50B87}.Debug|iPhone.Deploy.0 = Debug|Any CPU
		{C756B34C-C578-4421-82A1-2D7EE2F50B87}.Debug|iPhoneSimulator.ActiveCfg = Debug|Any CPU
		{C756B34C-C578-4421-82A1-2D7EE2F50B87}.Debug|iPhoneSimulator.Build.0 = Debug|Any CPU
		{C756B34C-C578-4421-82A1-2D7EE2F50B87}.Debug|iPhoneSimulator.Deploy.0 = Debug|Any CPU
		{C756B34C-C578-4421-82A1-2D7EE2F50B87}.Debug|x64.ActiveCfg = Debug|Any CPU
		{C756B34C-C578-4421-82A1-2D7EE2F50B87}.Debug|x64.Build.0 = Debug|Any CPU
		{C756B34C-C578-4421-82A1-2D7EE2F50B87}.Debug|x64.Deploy.0 = Debug|Any CPU
		{C756B34C-C578-4421-82A1-2D7EE2F50B87}.Debug|x86.ActiveCfg = Debug|Any CPU
		{C756B34C-C578-4421-82A1-2D7EE2F50B87}.Debug|x86.Build.0 = Debug|Any CPU
		{C756B34C-C578-4421-82A1-2D7EE2F50B87}.Debug|x86.Deploy.0 = Debug|Any CPU
		{C756B34C-C578-4421-82A1-2D7EE2F50B87}.Release|Any CPU.ActiveCfg = Release|Any CPU
		{C756B34C-C578-4421-82A1-2D7EE2F50B87}.Release|Any CPU.Build.0 = Release|Any CPU
		{C756B34C-C578-4421-82A1-2D7EE2F50B87}.Release|Any CPU.Deploy.0 = Release|Any CPU
		{C756B34C-C578-4421-82A1-2D7EE2F50B87}.Release|ARM.ActiveCfg = Release|Any CPU
		{C756B34C-C578-4421-82A1-2D7EE2F50B87}.Release|ARM.Build.0 = Release|Any CPU
		{C756B34C-C578-4421-82A1-2D7EE2F50B87}.Release|ARM.Deploy.0 = Release|Any CPU
		{C756B34C-C578-4421-82A1-2D7EE2F50B87}.Release|iPhone.ActiveCfg = Release|Any CPU
		{C756B34C-C578-4421-82A1-2D7EE2F50B87}.Release|iPhone.Build.0 = Release|Any CPU
		{C756B34C-C578-4421-82A1-2D7EE2F50B87}.Release|iPhone.Deploy.0 = Release|Any CPU
		{C756B34C-C578-4421-82A1-2D7EE2F50B87}.Release|iPhoneSimulator.ActiveCfg = Release|Any CPU
		{C756B34C-C578-4421-82A1-2D7EE2F50B87}.Release|iPhoneSimulator.Build.0 = Release|Any CPU
		{C756B34C-C578-4421-82A1-2D7EE2F50B87}.Release|iPhoneSimulator.Deploy.0 = Release|Any CPU
		{C756B34C-C578-4421-82A1-2D7EE2F50B87}.Release|x64.ActiveCfg = Release|Any CPU
		{C756B34C-C578-4421-82A1-2D7EE2F50B87}.Release|x64.Build.0 = Release|Any CPU
		{C756B34C-C578-4421-82A1-2D7EE2F50B87}.Release|x64.Deploy.0 = Release|Any CPU
		{C756B34C-C578-4421-82A1-2D7EE2F50B87}.Release|x86.ActiveCfg = Release|Any CPU
		{C756B34C-C578-4421-82A1-2D7EE2F50B87}.Release|x86.Build.0 = Release|Any CPU
		{C756B34C-C578-4421-82A1-2D7EE2F50B87}.Release|x86.Deploy.0 = Release|Any CPU
	EndGlobalSection
	GlobalSection(SolutionProperties) = preSolution
		HideSolutionNode = FALSE
	EndGlobalSection
	GlobalSection(ExtensibilityGlobals) = postSolution
		SolutionGuid = {2FD3FE80-4A0D-4296-A49F-D07A35A0EFA8}
	EndGlobalSection
EndGlobal
